
Microsoft Visual Studio Solution File, Format Version 12.00
# Visual Studio Version 16
VisualStudioVersion = 25.0.1703.8
MinimumVisualStudioVersion = 10.0.40219.1
Project("{FAE04EC0-301F-11D3-BF4B-00C04F79EFBC}") = "ottomar", "ottomar\ottomar.csproj", "{0397DD5F-9DFF-4EED-ABD5-6C06810CFA90}"
EndProject
Global
	GlobalSection(SolutionConfigurationPlatforms) = preSolution
		Debug|Any CPU = Debug|Any CPU
		Release|Any CPU = Release|Any CPU
	EndGlobalSection
	GlobalSection(ProjectConfigurationPlatforms) = postSolution
		{0397DD5F-9DFF-4EED-ABD5-6C06810CFA90}.Debug|Any CPU.ActiveCfg = Debug|Any CPU
		{0397DD5F-9DFF-4EED-ABD5-6C06810CFA90}.Debug|Any CPU.Build.0 = Debug|Any CPU
		{0397DD5F-9DFF-4EED-ABD5-6C06810CFA90}.Release|Any CPU.ActiveCfg = Release|Any CPU
		{0397DD5F-9DFF-4EED-ABD5-6C06810CFA90}.Release|Any CPU.Build.0 = Release|Any CPU
	EndGlobalSection
	GlobalSection(SolutionProperties) = preSolution
		HideSolutionNode = FALSE
	EndGlobalSection
	GlobalSection(ExtensibilityGlobals) = postSolution
		SolutionGuid = {6BF64C72-C17D-4FB2-B295-C9F4E54208B6}
	EndGlobalSection
EndGlobal
